
Microsoft Visual Studio Solution File, Format Version 12.00
# Visual Studio Version 17
VisualStudioVersion = 17.4.33213.308
MinimumVisualStudioVersion = 10.0.40219.1
Project("{FAE04EC0-301F-11D3-BF4B-00C04F79EFBC}") = "Linq IO", "Linq IO\Linq IO.csproj", "{469DCAD1-BC42-4C20-8AD0-8EA8B2179D5A}"
EndProject
Global
	GlobalSection(SolutionConfigurationPlatforms) = preSolution
		Debug|Any CPU = Debug|Any CPU
		Release|Any CPU = Release|Any CPU
	EndGlobalSection
	GlobalSection(ProjectConfigurationPlatforms) = postSolution
		{469DCAD1-BC42-4C20-8AD0-8EA8B2179D5A}.Debug|Any CPU.ActiveCfg = Debug|Any CPU
		{469DCAD1-BC42-4C20-8AD0-8EA8B2179D5A}.Debug|Any CPU.Build.0 = Debug|Any CPU
		{469DCAD1-BC42-4C20-8AD0-8EA8B2179D5A}.Release|Any CPU.ActiveCfg = Release|Any CPU
		{469DCAD1-BC42-4C20-8AD0-8EA8B2179D5A}.Release|Any CPU.Build.0 = Release|Any CPU
	EndGlobalSection
	GlobalSection(SolutionProperties) = preSolution
		HideSolutionNode = FALSE
	EndGlobalSection
	GlobalSection(ExtensibilityGlobals) = postSolution
		SolutionGuid = {662C21FA-3331-49EE-89FA-3C9180FB68AB}
	EndGlobalSection
EndGlobal
